<?xml version="1.0" encoding="utf-8"?>
<Project ToolsVersion="4.0" xmlns="http://schemas.microsoft.com/developer/msbuild/2003">
  <ItemGroup>
    <Filter Include="Source Files">
      <UniqueIdentifier>{4FC737F1-C7A5-4376-A066-2A32D752A2FF}</UniqueIdentifier>
      <Extensions>cpp;c;cc;cxx;c++;cppm;ixx;def;odl;idl;hpj;bat;asm;asmx</Extensions>
    </Filter>
    <Filter Include="Connections">
      <UniqueIdentifier>{7ba9ca45-4ea1-4c83-91ce-fe1eee5d5c67}</UniqueIdentifier>
    </Filter>
  </ItemGroup>
  <ItemGroup>
    <ClCompile Include="TestConfig.cpp">
      <Filter>Connections</Filter>
    </ClCompile>
    <ClCompile Include="TestConnect.cpp">
      <Filter>Connections</Filter>
    </ClCompile>
    <ClCompile Include="RepoTests.cpp">
      <Filter>Source Files</Filter>
    </ClCompile>
  </ItemGroup>
  <ItemGroup>
    <ClInclude Include="TestConfig.h">
      <Filter>Connections</Filter>
    </ClInclude>
    <ClInclude Include="TestConnect.h">
      <Filter>Connections</Filter>
    </ClInclude>
  </ItemGroup>
</Project>