
Microsoft Visual Studio Solution File, Format Version 12.00
# Visual Studio Version 17
VisualStudioVersion = 17.1.32328.378
MinimumVisualStudioVersion = 10.0.40219.1
Project("{8BC9CEB8-8B4A-11D0-8D11-00A0C91BC942}") = "DBCW", "DBCW\DBCW.vcxproj", "{19DB03A7-5446-40E7-A0DD-A156145AD4DD}"
	ProjectSection(ProjectDependencies) = postProject
		{012E285B-FAC7-4829-9199-9B2CAA8CE3F8} = {012E285B-FAC7-4829-9199-9B2CAA8CE3F8}
	EndProjectSection
EndProject
Project("{8BC9CEB8-8B4A-11D0-8D11-00A0C91BC942}") = "UnitTesting", "UnitTesting\UnitTesting.vcxproj", "{C9E6218D-46D0-4BC2-9D3E-CC5E8B73E39C}"
	ProjectSection(ProjectDependencies) = postProject
		{19DB03A7-5446-40E7-A0DD-A156145AD4DD} = {19DB03A7-5446-40E7-A0DD-A156145AD4DD}
	EndProjectSection
EndProject
Project("{8BC9CEB8-8B4A-11D0-8D11-00A0C91BC942}") = "BLUnitTesting", "BLUnitTesting\BLUnitTesting.vcxproj", "{E573D023-00D0-4C0B-9B89-E55C90B52D42}"
EndProject
Project("{8BC9CEB8-8B4A-11D0-8D11-00A0C91BC942}") = "DA", "DA\DA.vcxproj", "{012E285B-FAC7-4829-9199-9B2CAA8CE3F8}"
EndProject
Project("{8BC9CEB8-8B4A-11D0-8D11-00A0C91BC942}") = "Interface", "Interface\Interface.vcxproj", "{8AFE198B-0DAC-470B-99D6-E3D7449DCED0}"
EndProject
Project("{8BC9CEB8-8B4A-11D0-8D11-00A0C91BC942}") = "Main", "Main\Main.vcxproj", "{1F411EE4-873C-4889-80E6-EC2A2B8B73CF}"
	ProjectSection(ProjectDependencies) = postProject
		{012E285B-FAC7-4829-9199-9B2CAA8CE3F8} = {012E285B-FAC7-4829-9199-9B2CAA8CE3F8}
		{19DB03A7-5446-40E7-A0DD-A156145AD4DD} = {19DB03A7-5446-40E7-A0DD-A156145AD4DD}
		{8AFE198B-0DAC-470B-99D6-E3D7449DCED0} = {8AFE198B-0DAC-470B-99D6-E3D7449DCED0}
	EndProjectSection
EndProject
Global
	GlobalSection(SolutionConfigurationPlatforms) = preSolution
		Debug BLTests|x64 = Debug BLTests|x64
		Debug BLTests|x86 = Debug BLTests|x86
		Debug UnitTests|x64 = Debug UnitTests|x64
		Debug UnitTests|x86 = Debug UnitTests|x86
		Debug|x64 = Debug|x64
		Debug|x86 = Debug|x86
		Release|x64 = Release|x64
		Release|x86 = Release|x86
	EndGlobalSection
	GlobalSection(ProjectConfigurationPlatforms) = postSolution
		{19DB03A7-5446-40E7-A0DD-A156145AD4DD}.Debug BLTests|x64.ActiveCfg = Debug|x64
		{19DB03A7-5446-40E7-A0DD-A156145AD4DD}.Debug BLTests|x64.Build.0 = Debug|x64
		{19DB03A7-5446-40E7-A0DD-A156145AD4DD}.Debug BLTests|x86.ActiveCfg = Debug BLTests|Win32
		{19DB03A7-5446-40E7-A0DD-A156145AD4DD}.Debug BLTests|x86.Build.0 = Debug BLTests|Win32
		{19DB03A7-5446-40E7-A0DD-A156145AD4DD}.Debug UnitTests|x64.ActiveCfg = Debug|x64
		{19DB03A7-5446-40E7-A0DD-A156145AD4DD}.Debug UnitTests|x64.Build.0 = Debug|x64
		{19DB03A7-5446-40E7-A0DD-A156145AD4DD}.Debug UnitTests|x86.ActiveCfg = Debug UnitTests|Win32
		{19DB03A7-5446-40E7-A0DD-A156145AD4DD}.Debug UnitTests|x86.Build.0 = Debug UnitTests|Win32
		{19DB03A7-5446-40E7-A0DD-A156145AD4DD}.Debug|x64.ActiveCfg = Debug|x64
		{19DB03A7-5446-40E7-A0DD-A156145AD4DD}.Debug|x64.Build.0 = Debug|x64
		{19DB03A7-5446-40E7-A0DD-A156145AD4DD}.Debug|x86.ActiveCfg = Debug|Win32
		{19DB03A7-5446-40E7-A0DD-A156145AD4DD}.Debug|x86.Build.0 = Debug|Win32
		{19DB03A7-5446-40E7-A0DD-A156145AD4DD}.Release|x64.ActiveCfg = Release|x64
		{19DB03A7-5446-40E7-A0DD-A156145AD4DD}.Release|x64.Build.0 = Release|x64
		{19DB03A7-5446-40E7-A0DD-A156145AD4DD}.Release|x86.ActiveCfg = Release|Win32
		{19DB03A7-5446-40E7-A0DD-A156145AD4DD}.Release|x86.Build.0 = Release|Win32
		{C9E6218D-46D0-4BC2-9D3E-CC5E8B73E39C}.Debug BLTests|x64.ActiveCfg = Debug UnitTests|x64
		{C9E6218D-46D0-4BC2-9D3E-CC5E8B73E39C}.Debug BLTests|x64.Build.0 = Debug UnitTests|x64
		{C9E6218D-46D0-4BC2-9D3E-CC5E8B73E39C}.Debug BLTests|x86.ActiveCfg = Debug BLTests|Win32
		{C9E6218D-46D0-4BC2-9D3E-CC5E8B73E39C}.Debug BLTests|x86.Build.0 = Debug BLTests|Win32
		{C9E6218D-46D0-4BC2-9D3E-CC5E8B73E39C}.Debug UnitTests|x64.ActiveCfg = Debug UnitTests|x64
		{C9E6218D-46D0-4BC2-9D3E-CC5E8B73E39C}.Debug UnitTests|x64.Build.0 = Debug UnitTests|x64
		{C9E6218D-46D0-4BC2-9D3E-CC5E8B73E39C}.Debug UnitTests|x86.ActiveCfg = Debug UnitTests|Win32
		{C9E6218D-46D0-4BC2-9D3E-CC5E8B73E39C}.Debug UnitTests|x86.Build.0 = Debug UnitTests|Win32
		{C9E6218D-46D0-4BC2-9D3E-CC5E8B73E39C}.Debug|x64.ActiveCfg = Debug|x64
		{C9E6218D-46D0-4BC2-9D3E-CC5E8B73E39C}.Debug|x64.Build.0 = Debug|x64
		{C9E6218D-46D0-4BC2-9D3E-CC5E8B73E39C}.Debug|x86.ActiveCfg = Debug|Win32
		{C9E6218D-46D0-4BC2-9D3E-CC5E8B73E39C}.Debug|x86.Build.0 = Debug|Win32
		{C9E6218D-46D0-4BC2-9D3E-CC5E8B73E39C}.Release|x64.ActiveCfg = Release|x64
		{C9E6218D-46D0-4BC2-9D3E-CC5E8B73E39C}.Release|x64.Build.0 = Release|x64
		{C9E6218D-46D0-4BC2-9D3E-CC5E8B73E39C}.Release|x86.ActiveCfg = Release|Win32
		{C9E6218D-46D0-4BC2-9D3E-CC5E8B73E39C}.Release|x86.Build.0 = Release|Win32
		{E573D023-00D0-4C0B-9B89-E55C90B52D42}.Debug BLTests|x64.ActiveCfg = Debug BLTests|x64
		{E573D023-00D0-4C0B-9B89-E55C90B52D42}.Debug BLTests|x64.Build.0 = Debug BLTests|x64
		{E573D023-00D0-4C0B-9B89-E55C90B52D42}.Debug BLTests|x86.ActiveCfg = Debug BLTests|Win32
		{E573D023-00D0-4C0B-9B89-E55C90B52D42}.Debug BLTests|x86.Build.0 = Debug BLTests|Win32
		{E573D023-00D0-4C0B-9B89-E55C90B52D42}.Debug UnitTests|x64.ActiveCfg = Debug|x64
		{E573D023-00D0-4C0B-9B89-E55C90B52D42}.Debug UnitTests|x64.Build.0 = Debug|x64
		{E573D023-00D0-4C0B-9B89-E55C90B52D42}.Debug UnitTests|x86.ActiveCfg = Debug|Win32
		{E573D023-00D0-4C0B-9B89-E55C90B52D42}.Debug UnitTests|x86.Build.0 = Debug|Win32
		{E573D023-00D0-4C0B-9B89-E55C90B52D42}.Debug|x64.ActiveCfg = Debug|x64
		{E573D023-00D0-4C0B-9B89-E55C90B52D42}.Debug|x64.Build.0 = Debug|x64
		{E573D023-00D0-4C0B-9B89-E55C90B52D42}.Debug|x86.ActiveCfg = Debug|Win32
		{E573D023-00D0-4C0B-9B89-E55C90B52D42}.Debug|x86.Build.0 = Debug|Win32
		{E573D023-00D0-4C0B-9B89-E55C90B52D42}.Release|x64.ActiveCfg = Release|x64
		{E573D023-00D0-4C0B-9B89-E55C90B52D42}.Release|x64.Build.0 = Release|x64
		{E573D023-00D0-4C0B-9B89-E55C90B52D42}.Release|x86.ActiveCfg = Release|Win32
		{E573D023-00D0-4C0B-9B89-E55C90B52D42}.Release|x86.Build.0 = Release|Win32
		{012E285B-FAC7-4829-9199-9B2CAA8CE3F8}.Debug BLTests|x64.ActiveCfg = Debug|x64
		{012E285B-FAC7-4829-9199-9B2CAA8CE3F8}.Debug BLTests|x64.Build.0 = Debug|x64
		{012E285B-FAC7-4829-9199-9B2CAA8CE3F8}.Debug BLTests|x86.ActiveCfg = Debug|Win32
		{012E285B-FAC7-4829-9199-9B2CAA8CE3F8}.Debug BLTests|x86.Build.0 = Debug|Win32
		{012E285B-FAC7-4829-9199-9B2CAA8CE3F8}.Debug UnitTests|x64.ActiveCfg = Debug|x64
		{012E285B-FAC7-4829-9199-9B2CAA8CE3F8}.Debug UnitTests|x64.Build.0 = Debug|x64
		{012E285B-FAC7-4829-9199-9B2CAA8CE3F8}.Debug UnitTests|x86.ActiveCfg = Debug|Win32
		{012E285B-FAC7-4829-9199-9B2CAA8CE3F8}.Debug UnitTests|x86.Build.0 = Debug|Win32
		{012E285B-FAC7-4829-9199-9B2CAA8CE3F8}.Debug|x64.ActiveCfg = Debug|x64
		{012E285B-FAC7-4829-9199-9B2CAA8CE3F8}.Debug|x64.Build.0 = Debug|x64
		{012E285B-FAC7-4829-9199-9B2CAA8CE3F8}.Debug|x86.ActiveCfg = Debug|Win32
		{012E285B-FAC7-4829-9199-9B2CAA8CE3F8}.Debug|x86.Build.0 = Debug|Win32
		{012E285B-FAC7-4829-9199-9B2CAA8CE3F8}.Release|x64.ActiveCfg = Release|x64
		{012E285B-FAC7-4829-9199-9B2CAA8CE3F8}.Release|x64.Build.0 = Release|x64
		{012E285B-FAC7-4829-9199-9B2CAA8CE3F8}.Release|x86.ActiveCfg = Release|Win32
		{012E285B-FAC7-4829-9199-9B2CAA8CE3F8}.Release|x86.Build.0 = Release|Win32
		{8AFE198B-0DAC-470B-99D6-E3D7449DCED0}.Debug BLTests|x64.ActiveCfg = Debug|x64
		{8AFE198B-0DAC-470B-99D6-E3D7449DCED0}.Debug BLTests|x64.Build.0 = Debug|x64
		{8AFE198B-0DAC-470B-99D6-E3D7449DCED0}.Debug BLTests|x86.ActiveCfg = Debug|Win32
		{8AFE198B-0DAC-470B-99D6-E3D7449DCED0}.Debug BLTests|x86.Build.0 = Debug|Win32
		{8AFE198B-0DAC-470B-99D6-E3D7449DCED0}.Debug UnitTests|x64.ActiveCfg = Debug|x64
		{8AFE198B-0DAC-470B-99D6-E3D7449DCED0}.Debug UnitTests|x64.Build.0 = Debug|x64
		{8AFE198B-0DAC-470B-99D6-E3D7449DCED0}.Debug UnitTests|x86.ActiveCfg = Debug|Win32
		{8AFE198B-0DAC-470B-99D6-E3D7449DCED0}.Debug UnitTests|x86.Build.0 = Debug|Win32
		{8AFE198B-0DAC-470B-99D6-E3D7449DCED0}.Debug|x64.ActiveCfg = Debug|x64
		{8AFE198B-0DAC-470B-99D6-E3D7449DCED0}.Debug|x64.Build.0 = Debug|x64
		{8AFE198B-0DAC-470B-99D6-E3D7449DCED0}.Debug|x86.ActiveCfg = Debug|Win32
		{8AFE198B-0DAC-470B-99D6-E3D7449DCED0}.Debug|x86.Build.0 = Debug|Win32
		{8AFE198B-0DAC-470B-99D6-E3D7449DCED0}.Release|x64.ActiveCfg = Release|x64
		{8AFE198B-0DAC-470B-99D6-E3D7449DCED0}.Release|x64.Build.0 = Release|x64
		{8AFE198B-0DAC-470B-99D6-E3D7449DCED0}.Release|x86.ActiveCfg = Release|Win32
		{8AFE198B-0DAC-470B-99D6-E3D7449DCED0}.Release|x86.Build.0 = Release|Win32
		{1F411EE4-873C-4889-80E6-EC2A2B8B73CF}.Debug BLTests|x64.ActiveCfg = Debug|x64
		{1F411EE4-873C-4889-80E6-EC2A2B8B73CF}.Debug BLTests|x64.Build.0 = Debug|x64
		{1F411EE4-873C-4889-80E6-EC2A2B8B73CF}.Debug BLTests|x86.ActiveCfg = Debug|Win32
		{1F411EE4-873C-4889-80E6-EC2A2B8B73CF}.Debug BLTests|x86.Build.0 = Debug|Win32
		{1F411EE4-873C-4889-80E6-EC2A2B8B73CF}.Debug UnitTests|x64.ActiveCfg = Debug|x64
		{1F411EE4-873C-4889-80E6-EC2A2B8B73CF}.Debug UnitTests|x64.Build.0 = Debug|x64
		{1F411EE4-873C-4889-80E6-EC2A2B8B73CF}.Debug UnitTests|x86.ActiveCfg = Debug|Win32
		{1F411EE4-873C-4889-80E6-EC2A2B8B73CF}.Debug UnitTests|x86.Build.0 = Debug|Win32
		{1F411EE4-873C-4889-80E6-EC2A2B8B73CF}.Debug|x64.ActiveCfg = Debug|x64
		{1F411EE4-873C-4889-80E6-EC2A2B8B73CF}.Debug|x64.Build.0 = Debug|x64
		{1F411EE4-873C-4889-80E6-EC2A2B8B73CF}.Debug|x86.ActiveCfg = Debug|Win32
		{1F411EE4-873C-4889-80E6-EC2A2B8B73CF}.Debug|x86.Build.0 = Debug|Win32
		{1F411EE4-873C-4889-80E6-EC2A2B8B73CF}.Release|x64.ActiveCfg = Release|x64
		{1F411EE4-873C-4889-80E6-EC2A2B8B73CF}.Release|x64.Build.0 = Release|x64
		{1F411EE4-873C-4889-80E6-EC2A2B8B73CF}.Release|x86.ActiveCfg = Release|Win32
		{1F411EE4-873C-4889-80E6-EC2A2B8B73CF}.Release|x86.Build.0 = Release|Win32
	EndGlobalSection
	GlobalSection(SolutionProperties) = preSolution
		HideSolutionNode = FALSE
	EndGlobalSection
	GlobalSection(ExtensibilityGlobals) = postSolution
		SolutionGuid = {9A493B6E-862B-4D93-A468-51BD3B158367}
	EndGlobalSection
EndGlobal
